
Microsoft Visual Studio Solution File, Format Version 12.00
# Visual Studio Version 17
VisualStudioVersion = 17.0.31903.59
MinimumVisualStudioVersion = 10.0.40219.1
Project("{FAE04EC0-301F-11D3-BF4B-00C04F79EFBC}") = "handlertestapp", "handlertestapp\handlertestapp.csproj", "{141B43FE-9166-4036-805A-46ABE10A397D}"
EndProject
Project("{FAE04EC0-301F-11D3-BF4B-00C04F79EFBC}") = "banking", "banking\banking.csproj", "{290197F7-E7AE-4375-8B22-06EFC5820DD0}"
EndProject
Project("{FAE04EC0-301F-11D3-BF4B-00C04F79EFBC}") = "EventTest", "EventTest\EventTest.csproj", "{1C00DDD8-A694-4651-AD35-707D0C8EDF5B}"
EndProject
Project("{FAE04EC0-301F-11D3-BF4B-00C04F79EFBC}") = "SerializationTest", "SerializationTest\SerializationTest.csproj", "{37E18874-E3E0-4F24-9B43-AF7FF9B1E23A}"
EndProject
Project("{FAE04EC0-301F-11D3-BF4B-00C04F79EFBC}") = "LINQDemoApp", "LINQDemoApp\LINQDemoApp.csproj", "{743F103E-F5EE-4398-8805-31DDB11BDF32}"
EndProject
Project("{FAE04EC0-301F-11D3-BF4B-00C04F79EFBC}") = "AnnonymousMethodApp", "AnnonymousMethodApp\AnnonymousMethodApp.csproj", "{E993A193-DFF0-45BF-94DD-41FA207E2169}"
EndProject
Project("{FAE04EC0-301F-11D3-BF4B-00C04F79EFBC}") = "ExtensionMethodTest", "ExtensionMethodTest\ExtensionMethodTest.csproj", "{4535EB6C-02AC-4C6D-A987-292A50FFA145}"
EndProject
Project("{FAE04EC0-301F-11D3-BF4B-00C04F79EFBC}") = "AnalyticsTest", "AnalyticsTest\AnalyticsTest.csproj", "{3FE77599-20F6-46F9-B9A5-D5819E3426ED}"
EndProject
Project("{FAE04EC0-301F-11D3-BF4B-00C04F79EFBC}") = "RecruitmentTest", "RecruitmentTest\RecruitmentTest.csproj", "{3FE77599-20F6-46F9-B9A5-D5819E3426ED}"
EndProject
Project("{FAE04EC0-301F-11D3-BF4B-00C04F79EFBC}") = "SOLIDTest", "SOLIDTest\SOLIDTest.csproj", "{7CE5FA9A-0030-44B1-9A00-658B39D992A0}"
EndProject
Project("{FAE04EC0-301F-11D3-BF4B-00C04F79EFBC}") = "flowers", "flowers\flowers.csproj", "{9B7B2385-1DA7-4CD7-A9BC-5B861C684049}"
EndProject
Project("{FAE04EC0-301F-11D3-BF4B-00C04F79EFBC}") = "Catalog", "Catalog\Catalog.csproj", "{622EB89B-7F9E-4B6D-B707-A2C2E8A3E2C2}"
EndProject
Global
	GlobalSection(SolutionConfigurationPlatforms) = preSolution
		Debug|Any CPU = Debug|Any CPU
		Release|Any CPU = Release|Any CPU
	EndGlobalSection
	GlobalSection(SolutionProperties) = preSolution
		HideSolutionNode = FALSE
	EndGlobalSection
	GlobalSection(ProjectConfigurationPlatforms) = postSolution
		{141B43FE-9166-4036-805A-46ABE10A397D}.Debug|Any CPU.ActiveCfg = Debug|Any CPU
		{141B43FE-9166-4036-805A-46ABE10A397D}.Debug|Any CPU.Build.0 = Debug|Any CPU
		{141B43FE-9166-4036-805A-46ABE10A397D}.Release|Any CPU.ActiveCfg = Release|Any CPU
		{141B43FE-9166-4036-805A-46ABE10A397D}.Release|Any CPU.Build.0 = Release|Any CPU
		{290197F7-E7AE-4375-8B22-06EFC5820DD0}.Debug|Any CPU.ActiveCfg = Debug|Any CPU
		{290197F7-E7AE-4375-8B22-06EFC5820DD0}.Debug|Any CPU.Build.0 = Debug|Any CPU
		{290197F7-E7AE-4375-8B22-06EFC5820DD0}.Release|Any CPU.ActiveCfg = Release|Any CPU
		{290197F7-E7AE-4375-8B22-06EFC5820DD0}.Release|Any CPU.Build.0 = Release|Any CPU
		{1C00DDD8-A694-4651-AD35-707D0C8EDF5B}.Debug|Any CPU.ActiveCfg = Debug|Any CPU
		{1C00DDD8-A694-4651-AD35-707D0C8EDF5B}.Debug|Any CPU.Build.0 = Debug|Any CPU
		{1C00DDD8-A694-4651-AD35-707D0C8EDF5B}.Release|Any CPU.ActiveCfg = Release|Any CPU
		{1C00DDD8-A694-4651-AD35-707D0C8EDF5B}.Release|Any CPU.Build.0 = Release|Any CPU
		{37E18874-E3E0-4F24-9B43-AF7FF9B1E23A}.Debug|Any CPU.ActiveCfg = Debug|Any CPU
		{37E18874-E3E0-4F24-9B43-AF7FF9B1E23A}.Debug|Any CPU.Build.0 = Debug|Any CPU
		{37E18874-E3E0-4F24-9B43-AF7FF9B1E23A}.Release|Any CPU.ActiveCfg = Release|Any CPU
		{37E18874-E3E0-4F24-9B43-AF7FF9B1E23A}.Release|Any CPU.Build.0 = Release|Any CPU
		{743F103E-F5EE-4398-8805-31DDB11BDF32}.Debug|Any CPU.ActiveCfg = Debug|Any CPU
		{743F103E-F5EE-4398-8805-31DDB11BDF32}.Debug|Any CPU.Build.0 = Debug|Any CPU
		{743F103E-F5EE-4398-8805-31DDB11BDF32}.Release|Any CPU.ActiveCfg = Release|Any CPU
		{743F103E-F5EE-4398-8805-31DDB11BDF32}.Release|Any CPU.Build.0 = Release|Any CPU
		{E993A193-DFF0-45BF-94DD-41FA207E2169}.Debug|Any CPU.ActiveCfg = Debug|Any CPU
		{E993A193-DFF0-45BF-94DD-41FA207E2169}.Debug|Any CPU.Build.0 = Debug|Any CPU
		{E993A193-DFF0-45BF-94DD-41FA207E2169}.Release|Any CPU.ActiveCfg = Release|Any CPU
		{E993A193-DFF0-45BF-94DD-41FA207E2169}.Release|Any CPU.Build.0 = Release|Any CPU
		{4535EB6C-02AC-4C6D-A987-292A50FFA145}.Debug|Any CPU.ActiveCfg = Debug|Any CPU
		{4535EB6C-02AC-4C6D-A987-292A50FFA145}.Debug|Any CPU.Build.0 = Debug|Any CPU
		{4535EB6C-02AC-4C6D-A987-292A50FFA145}.Release|Any CPU.ActiveCfg = Release|Any CPU
		{4535EB6C-02AC-4C6D-A987-292A50FFA145}.Release|Any CPU.Build.0 = Release|Any CPU
		{3FE77599-20F6-46F9-B9A5-D5819E3426ED}.Debug|Any CPU.ActiveCfg = Debug|Any CPU
		{3FE77599-20F6-46F9-B9A5-D5819E3426ED}.Debug|Any CPU.Build.0 = Debug|Any CPU
		{3FE77599-20F6-46F9-B9A5-D5819E3426ED}.Release|Any CPU.ActiveCfg = Release|Any CPU
		{3FE77599-20F6-46F9-B9A5-D5819E3426ED}.Release|Any CPU.Build.0 = Release|Any CPU
		{7CE5FA9A-0030-44B1-9A00-658B39D992A0}.Debug|Any CPU.ActiveCfg = Debug|Any CPU
		{7CE5FA9A-0030-44B1-9A00-658B39D992A0}.Debug|Any CPU.Build.0 = Debug|Any CPU
		{7CE5FA9A-0030-44B1-9A00-658B39D992A0}.Release|Any CPU.ActiveCfg = Release|Any CPU
		{7CE5FA9A-0030-44B1-9A00-658B39D992A0}.Release|Any CPU.Build.0 = Release|Any CPU
		{9B7B2385-1DA7-4CD7-A9BC-5B861C684049}.Debug|Any CPU.ActiveCfg = Debug|Any CPU
		{9B7B2385-1DA7-4CD7-A9BC-5B861C684049}.Debug|Any CPU.Build.0 = Debug|Any CPU
		{9B7B2385-1DA7-4CD7-A9BC-5B861C684049}.Release|Any CPU.ActiveCfg = Release|Any CPU
		{9B7B2385-1DA7-4CD7-A9BC-5B861C684049}.Release|Any CPU.Build.0 = Release|Any CPU
		{622EB89B-7F9E-4B6D-B707-A2C2E8A3E2C2}.Debug|Any CPU.ActiveCfg = Debug|Any CPU
		{622EB89B-7F9E-4B6D-B707-A2C2E8A3E2C2}.Debug|Any CPU.Build.0 = Debug|Any CPU
		{622EB89B-7F9E-4B6D-B707-A2C2E8A3E2C2}.Release|Any CPU.ActiveCfg = Release|Any CPU
		{622EB89B-7F9E-4B6D-B707-A2C2E8A3E2C2}.Release|Any CPU.Build.0 = Release|Any CPU
	EndGlobalSection
EndGlobal
